
Microsoft Visual Studio Solution File, Format Version 12.00
# Visual Studio Version 16
VisualStudioVersion = 16.0.29806.167
MinimumVisualStudioVersion = 10.0.40219.1
Project("{FAE04EC0-301F-11D3-BF4B-00C04F79EFBC}") = "ConsoleApp1", "ConsoleApp1.csproj", "{17597568-3275-40DE-857B-3D698BFFAC21}"
EndProject
Global
	GlobalSection(SolutionConfigurationPlatforms) = preSolution
		Debug|Any CPU = Debug|Any CPU
		Release|Any CPU = Release|Any CPU
	EndGlobalSection
	GlobalSection(ProjectConfigurationPlatforms) = postSolution
		{17597568-3275-40DE-857B-3D698BFFAC21}.Debug|Any CPU.ActiveCfg = Debug|Any CPU
		{17597568-3275-40DE-857B-3D698BFFAC21}.Debug|Any CPU.Build.0 = Debug|Any CPU
		{17597568-3275-40DE-857B-3D698BFFAC21}.Release|Any CPU.ActiveCfg = Release|Any CPU
		{17597568-3275-40DE-857B-3D698BFFAC21}.Release|Any CPU.Build.0 = Release|Any CPU
	EndGlobalSection
	GlobalSection(SolutionProperties) = preSolution
		HideSolutionNode = FALSE
	EndGlobalSection
	GlobalSection(ExtensibilityGlobals) = postSolution
		SolutionGuid = {21A9A1C5-73AF-493B-8F3C-D99C8FFE1D41}
	EndGlobalSection
EndGlobal
