
Microsoft Visual Studio Solution File, Format Version 12.00
# Visual Studio Version 16
VisualStudioVersion = 16.0.29806.167
MinimumVisualStudioVersion = 10.0.40219.1
Project("{8BC9CEB8-8B4A-11D0-8D11-00A0C91BC942}") = "ConsoleApplication1", "ConsoleApplication1.vcxproj", "{445624E4-AC65-4F34-B46D-29D268AA7FDB}"
EndProject
Global
	GlobalSection(SolutionConfigurationPlatforms) = preSolution
		Debug|x64 = Debug|x64
		Debug|x86 = Debug|x86
		Release|x64 = Release|x64
		Release|x86 = Release|x86
	EndGlobalSection
	GlobalSection(ProjectConfigurationPlatforms) = postSolution
		{445624E4-AC65-4F34-B46D-29D268AA7FDB}.Debug|x64.ActiveCfg = Debug|x64
		{445624E4-AC65-4F34-B46D-29D268AA7FDB}.Debug|x64.Build.0 = Debug|x64
		{445624E4-AC65-4F34-B46D-29D268AA7FDB}.Debug|x86.ActiveCfg = Debug|Win32
		{445624E4-AC65-4F34-B46D-29D268AA7FDB}.Debug|x86.Build.0 = Debug|Win32
		{445624E4-AC65-4F34-B46D-29D268AA7FDB}.Release|x64.ActiveCfg = Release|x64
		{445624E4-AC65-4F34-B46D-29D268AA7FDB}.Release|x64.Build.0 = Release|x64
		{445624E4-AC65-4F34-B46D-29D268AA7FDB}.Release|x86.ActiveCfg = Release|Win32
		{445624E4-AC65-4F34-B46D-29D268AA7FDB}.Release|x86.Build.0 = Release|Win32
	EndGlobalSection
	GlobalSection(SolutionProperties) = preSolution
		HideSolutionNode = FALSE
	EndGlobalSection
	GlobalSection(ExtensibilityGlobals) = postSolution
		SolutionGuid = {14745EA3-DCF2-4564-95CC-69E6FFE5F660}
	EndGlobalSection
EndGlobal
